// !$*UTF8*$!
{
	archiveVersion = 1;
	classes = {
	};
	objectVersion = 46;
	objects = {

/* Begin PBXBuildFile section */
		90BA70071A013E190003B304 /* main.m in Sources */ = {isa = PBXBuildFile; fileRef = 90BA70061A013E190003B304 /* main.m */; };
		90BA700A1A013E190003B304 /* AppDelegate.m in Sources */ = {isa = PBXBuildFile; fileRef = 90BA70091A013E190003B304 /* AppDelegate.m */; };
		90BA700D1A013E190003B304 /* ViewController.m in Sources */ = {isa = PBXBuildFile; fileRef = 90BA700C1A013E190003B304 /* ViewController.m */; };
		90BA70101A013E190003B304 /* Main.storyboard in Resources */ = {isa = PBXBuildFile; fileRef = 90BA700E1A013E190003B304 /* Main.storyboard */; };
		90BA70121A013E190003B304 /* Images.xcassets in Resources */ = {isa = PBXBuildFile; fileRef = 90BA70111A013E190003B304 /* Images.xcassets */; };
		90BA70151A013E190003B304 /* LaunchScreen.xib in Resources */ = {isa = PBXBuildFile; fileRef = 90BA70131A013E190003B304 /* LaunchScreen.xib */; };
		90BA70211A013E190003B304 /* Rotten_MangoesTests.m in Sources */ = {isa = PBXBuildFile; fileRef = 90BA70201A013E190003B304 /* Rotten_MangoesTests.m */; };
/* End PBXBuildFile section */

/* Begin PBXContainerItemProxy section */
		90BA701B1A013E190003B304 /* PBXContainerItemProxy */ = {
			isa = PBXContainerItemProxy;
			containerPortal = 90BA6FF91A013E190003B304 /* Project object */;
			proxyType = 1;
			remoteGlobalIDString = 90BA70001A013E190003B304;
			remoteInfo = "Rotten Mangoes";
		};
/* End PBXContainerItemProxy section */

/* Begin PBXFileReference section */
		90BA70011A013E190003B304 /* Rotten Mangoes.app */ = {isa = PBXFileReference; explicitFileType = wrapper.application; includeInIndex = 0; path = "Rotten Mangoes.app"; sourceTree = BUILT_PRODUCTS_DIR; };
		90BA70051A013E190003B304 /* Info.plist */ = {isa = PBXFileReference; lastKnownFileType = text.plist.xml; path = Info.plist; sourceTree = "<group>"; };
		90BA70061A013E190003B304 /* main.m */ = {isa = PBXFileReference; lastKnownFileType = sourcecode.c.objc; path = main.m; sourceTree = "<group>"; };
		90BA70081A013E190003B304 /* AppDelegate.h */ = {isa = PBXFileReference; lastKnownFileType = sourcecode.c.h; path = AppDelegate.h; sourceTree = "<group>"; };
		90BA70091A013E190003B304 /* AppDelegate.m */ = {isa = PBXFileReference; lastKnownFileType = sourcecode.c.objc; path = AppDelegate.m; sourceTree = "<group>"; };
		90BA700B1A013E190003B304 /* ViewController.h */ = {isa = PBXFileReference; lastKnownFileType = sourcecode.c.h; path = ViewController.h; sourceTree = "<group>"; };
		90BA700C1A013E190003B304 /* ViewController.m */ = {isa = PBXFileReference; lastKnownFileType = sourcecode.c.objc; path = ViewController.m; sourceTree = "<group>"; };
		90BA700F1A013E190003B304 /* Base */ = {isa = PBXFileReference; lastKnownFileType = file.storyboard; name = Base; path = Base.lproj/Main.storyboard; sourceTree = "<group>"; };
		90BA70111A013E190003B304 /* Images.xcassets */ = {isa = PBXFileReference; lastKnownFileType = folder.assetcatalog; path = Images.xcassets; sourceTree = "<group>"; };
		90BA70141A013E190003B304 /* Base */ = {isa = PBXFileReference; lastKnownFileType = file.xib; name = Base; path = Base.lproj/LaunchScreen.xib; sourceTree = "<group>"; };
		90BA701A1A013E190003B304 /* Rotten MangoesTests.xctest */ = {isa = PBXFileReference; explicitFileType = wrapper.cfbundle; includeInIndex = 0; path = "Rotten MangoesTests.xctest"; sourceTree = BUILT_PRODUCTS_DIR; };
		90BA701F1A013E190003B304 /* Info.plist */ = {isa = PBXFileReference; lastKnownFileType = text.plist.xml; path = Info.plist; sourceTree = "<group>"; };
		90BA70201A013E190003B304 /* Rotten_MangoesTests.m */ = {isa = PBXFileReference; lastKnownFileType = sourcecode.c.objc; path = Rotten_MangoesTests.m; sourceTree = "<group>"; };
/* End PBXFileReference section */

/* Begin PBXFrameworksBuildPhase section */
		90BA6FFE1A013E190003B304 /* Frameworks */ = {
			isa = PBXFrameworksBuildPhase;
			buildActionMask = 2147483647;
			files = (
			);
			runOnlyForDeploymentPostprocessing = 0;
		};
		90BA70171A013E190003B304 /* Frameworks */ = {
			isa = PBXFrameworksBuildPhase;
			buildActionMask = 2147483647;
			files = (
			);
			runOnlyForDeploymentPostprocessing = 0;
		};
/* End PBXFrameworksBuildPhase section */

/* Begin PBXGroup section */
		90BA6FF81A013E190003B304 = {
			isa = PBXGroup;
			children = (
				90BA70031A013E190003B304 /* Rotten Mangoes */,
				90BA701D1A013E190003B304 /* Rotten MangoesTests */,
				90BA70021A013E190003B304 /* Products */,
			);
			sourceTree = "<group>";
		};
		90BA70021A013E190003B304 /* Products */ = {
			isa = PBXGroup;
			children = (
				90BA70011A013E190003B304 /* Rotten Mangoes.app */,
				90BA701A1A013E190003B304 /* Rotten MangoesTests.xctest */,
			);
			name = Products;
			sourceTree = "<group>";
		};
		90BA70031A013E190003B304 /* Rotten Mangoes */ = {
			isa = PBXGroup;
			children = (
				90BA70081A013E190003B304 /* AppDelegate.h */,
				90BA70091A013E190003B304 /* AppDelegate.m */,
				90BA700B1A013E190003B304 /* ViewController.h */,
				90BA700C1A013E190003B304 /* ViewController.m */,
				90BA700E1A013E190003B304 /* Main.storyboard */,
				90BA70111A013E190003B304 /* Images.xcassets */,
				90BA70131A013E190003B304 /* LaunchScreen.xib */,
				90BA70041A013E190003B304 /* Supporting Files */,
			);
			path = "Rotten Mangoes";
			sourceTree = "<group>";
		};
		90BA70041A013E190003B304 /* Supporting Files */ = {
			isa = PBXGroup;
			children = (
				90BA70051A013E190003B304 /* Info.plist */,
				90BA70061A013E190003B304 /* main.m */,
			);
			name = "Supporting Files";
			sourceTree = "<group>";
		};
		90BA701D1A013E190003B304 /* Rotten MangoesTests */ = {
			isa = PBXGroup;
			children = (
				90BA70201A013E190003B304 /* Rotten_MangoesTests.m */,
				90BA701E1A013E190003B304 /* Supporting Files */,
			);
			path = "Rotten MangoesTests";
			sourceTree = "<group>";
		};
		90BA701E1A013E190003B304 /* Supporting Files */ = {
			isa = PBXGroup;
			children = (
				90BA701F1A013E190003B304 /* Info.plist */,
			);
			name = "Supporting Files";
			sourceTree = "<group>";
		};
/* End PBXGroup section */

/* Begin PBXNativeTarget section */
		90BA70001A013E190003B304 /* Rotten Mangoes */ = {
			isa = PBXNativeTarget;
			buildConfigurationList = 90BA70241A013E190003B304 /* Build configuration list for PBXNativeTarget "Rotten Mangoes" */;
			buildPhases = (
				90BA6FFD1A013E190003B304 /* Sources */,
				90BA6FFE1A013E190003B304 /* Frameworks */,
				90BA6FFF1A013E190003B304 /* Resources */,
			);
			buildRules = (
			);
			dependencies = (
			);
			name = "Rotten Mangoes";
			productName = "Rotten Mangoes";
			productReference = 90BA70011A013E190003B304 /* Rotten Mangoes.app */;
			productType = "com.apple.product-type.application";
		};
		90BA70191A013E190003B304 /* Rotten MangoesTests */ = {
			isa = PBXNativeTarget;
			buildConfigurationList = 90BA70271A013E190003B304 /* Build configuration list for PBXNativeTarget "Rotten MangoesTests" */;
			buildPhases = (
				90BA70161A013E190003B304 /* Sources */,
				90BA70171A013E190003B304 /* Frameworks */,
				90BA70181A013E190003B304 /* Resources */,
			);
			buildRules = (
			);
			dependencies = (
				90BA701C1A013E190003B304 /* PBXTargetDependency */,
			);
			name = "Rotten MangoesTests";
			productName = "Rotten MangoesTests";
			productReference = 90BA701A1A013E190003B304 /* Rotten MangoesTests.xctest */;
			productType = "com.apple.product-type.bundle.unit-test";
		};
/* End PBXNativeTarget section */

/* Begin PBXProject section */
		90BA6FF91A013E190003B304 /* Project object */ = {
			isa = PBXProject;
			attributes = {
				LastUpgradeCheck = 0610;
				ORGANIZATIONNAME = "Taylor Ledingham";
				TargetAttributes = {
					90BA70001A013E190003B304 = {
						CreatedOnToolsVersion = 6.1;
					};
					90BA70191A013E190003B304 = {
						CreatedOnToolsVersion = 6.1;
						TestTargetID = 90BA70001A013E190003B304;
					};
				};
			};
			buildConfigurationList = 90BA6FFC1A013E190003B304 /* Build configuration list for PBXProject "Rotten Mangoes" */;
			compatibilityVersion = "Xcode 3.2";
			developmentRegion = English;
			hasScannedForEncodings = 0;
			knownRegions = (
				en,
				Base,
			);
			mainGroup = 90BA6FF81A013E190003B304;
			productRefGroup = 90BA70021A013E190003B304 /* Products */;
			projectDirPath = "";
			projectRoot = "";
			targets = (
				90BA70001A013E190003B304 /* Rotten Mangoes */,
				90BA70191A013E190003B304 /* Rotten MangoesTests */,
			);
		};
/* End PBXProject section */

/* Begin PBXResourcesBuildPhase section */
		90BA6FFF1A013E190003B304 /* Resources */ = {
			isa = PBXResourcesBuildPhase;
			buildActionMask = 2147483647;
			files = (
				90BA70101A013E190003B304 /* Main.storyboard in Resources */,
				90BA70151A013E190003B304 /* LaunchScreen.xib in Resources */,
				90BA70121A013E190003B304 /* Images.xcassets in Resources */,
			);
			runOnlyForDeploymentPostprocessing = 0;
		};
		90BA70181A013E190003B304 /* Resources */ = {
			isa = PBXResourcesBuildPhase;
			buildActionMask = 2147483647;
			files = (
			);
			runOnlyForDeploymentPostprocessing = 0;
		};
/* End PBXResourcesBuildPhase section */

/* Begin PBXSourcesBuildPhase section */
		90BA6FFD1A013E190003B304 /* Sources */ = {
			isa = PBXSourcesBuildPhase;
			buildActionMask = 2147483647;
			files = (
				90BA700D1A013E190003B304 /* ViewController.m in Sources */,
				90BA700A1A013E190003B304 /* AppDelegate.m in Sources */,
				90BA70071A013E190003B304 /* main.m in Sources */,
			);
			runOnlyForDeploymentPostprocessing = 0;
		};
		90BA70161A013E190003B304 /* Sources */ = {
			isa = PBXSourcesBuildPhase;
			buildActionMask = 2147483647;
			files = (
				90BA70211A013E190003B304 /* Rotten_MangoesTests.m in Sources */,
			);
			runOnlyForDeploymentPostprocessing = 0;
		};
/* End PBXSourcesBuildPhase section */

/* Begin PBXTargetDependency section */
		90BA701C1A013E190003B304 /* PBXTargetDependency */ = {
			isa = PBXTargetDependency;
			target = 90BA70001A013E190003B304 /* Rotten Mangoes */;
			targetProxy = 90BA701B1A013E190003B304 /* PBXContainerItemProxy */;
		};
/* End PBXTargetDependency section */

/* Begin PBXVariantGroup section */
		90BA700E1A013E190003B304 /* Main.storyboard */ = {
			isa = PBXVariantGroup;
			children = (
				90BA700F1A013E190003B304 /* Base */,
			);
			name = Main.storyboard;
			sourceTree = "<group>";
		};
		90BA70131A013E190003B304 /* LaunchScreen.xib */ = {
			isa = PBXVariantGroup;
			children = (
				90BA70141A013E190003B304 /* Base */,
			);
			name = LaunchScreen.xib;
			sourceTree = "<group>";
		};
/* End PBXVariantGroup section */

/* Begin XCBuildConfiguration section */
		90BA70221A013E190003B304 /* Debug */ = {
			isa = XCBuildConfiguration;
			buildSettings = {
				ALWAYS_SEARCH_USER_PATHS = NO;
				CLANG_CXX_LANGUAGE_STANDARD = "gnu++0x";
				CLANG_CXX_LIBRARY = "libc++";
				CLANG_ENABLE_MODULES = YES;
				CLANG_ENABLE_OBJC_ARC = YES;
				CLANG_WARN_BOOL_CONVERSION = YES;
				CLANG_WARN_CONSTANT_CONVERSION = YES;
				CLANG_WARN_DIRECT_OBJC_ISA_USAGE = YES_ERROR;
				CLANG_WARN_EMPTY_BODY = YES;
				CLANG_WARN_ENUM_CONVERSION = YES;
				CLANG_WARN_INT_CONVERSION = YES;
				CLANG_WARN_OBJC_ROOT_CLASS = YES_ERROR;
				CLANG_WARN_UNREACHABLE_CODE = YES;
				CLANG_WARN__DUPLICATE_METHOD_MATCH = YES;
				"CODE_SIGN_IDENTITY[sdk=iphoneos*]" = "iPhone Developer";
				COPY_PHASE_STRIP = NO;
				ENABLE_STRICT_OBJC_MSGSEND = YES;
				GCC_C_LANGUAGE_STANDARD = gnu99;
				GCC_DYNAMIC_NO_PIC = NO;
				GCC_OPTIMIZATION_LEVEL = 0;
				GCC_PREPROCESSOR_DEFINITIONS = (
					"DEBUG=1",
					"$(inherited)",
				);
				GCC_SYMBOLS_PRIVATE_EXTERN = NO;
				GCC_WARN_64_TO_32_BIT_CONVERSION = YES;
				GCC_WARN_ABOUT_RETURN_TYPE = YES_ERROR;
				GCC_WARN_UNDECLARED_SELECTOR = YES;
				GCC_WARN_UNINITIALIZED_AUTOS = YES_AGGRESSIVE;
				GCC_WARN_UNUSED_FUNCTION = YES;
				GCC_WARN_UNUSED_VARIABLE = YES;
				IPHONEOS_DEPLOYMENT_TARGET = 8.1;
				MTL_ENABLE_DEBUG_INFO = YES;
				ONLY_ACTIVE_ARCH = YES;
				SDKROOT = iphoneos;
			};
			name = Debug;
		};
		90BA70231A013E190003B304 /* Release */ = {
			isa = XCBuildConfiguration;
			buildSettings = {
				ALWAYS_SEARCH_USER_PATHS = NO;
				CLANG_CXX_LANGUAGE_STANDARD = "gnu++0x";
				CLANG_CXX_LIBRARY = "libc++";
				CLANG_ENABLE_MODULES = YES;
				CLANG_ENABLE_OBJC_ARC = YES;
				CLANG_WARN_BOOL_CONVERSION = YES;
				CLANG_WARN_CONSTANT_CONVERSION = YES;
				CLANG_WARN_DIRECT_OBJC_ISA_USAGE = YES_ERROR;
				CLANG_WARN_EMPTY_BODY = YES;
				CLANG_WARN_ENUM_CONVERSION = YES;
				CLANG_WARN_INT_CONVERSION = YES;
				CLANG_WARN_OBJC_ROOT_CLASS = YES_ERROR;
				CLANG_WARN_UNREACHABLE_CODE = YES;
				CLANG_WARN__DUPLICATE_METHOD_MATCH = YES;
				"CODE_SIGN_IDENTITY[sdk=iphoneos*]" = "iPhone Developer";
				COPY_PHASE_STRIP = YES;
				ENABLE_NS_ASSERTIONS = NO;
				ENABLE_STRICT_OBJC_MSGSEND = YES;
				GCC_C_LANGUAGE_STANDARD = gnu99;
				GCC_WARN_64_TO_32_BIT_CONVERSION = YES;
				GCC_WARN_ABOUT_RETURN_TYPE = YES_ERROR;
				GCC_WARN_UNDECLARED_SELECTOR = YES;
				GCC_WARN_UNINITIALIZED_AUTOS = YES_AGGRESSIVE;
				GCC_WARN_UNUSED_FUNCTION = YES;
				GCC_WARN_UNUSED_VARIABLE = YES;
				IPHONEOS_DEPLOYMENT_TARGET = 8.1;
				MTL_ENABLE_DEBUG_INFO = NO;
				SDKROOT = iphoneos;
				VALIDATE_PRODUCT = YES;
			};
			name = Release;
		};
		90BA70251A013E190003B304 /* Debug */ = {
			isa = XCBuildConfiguration;
			buildSettings = {
				ASSETCATALOG_COMPILER_APPICON_NAME = AppIcon;
				INFOPLIST_FILE = "Rotten Mangoes/Info.plist";
				LD_RUNPATH_SEARCH_PATHS = "$(inherited) @executable_path/Frameworks";
				PRODUCT_NAME = "$(TARGET_NAME)";
			};
			name = Debug;
		};
		90BA70261A013E190003B304 /* Release */ = {
			isa = XCBuildConfiguration;
			buildSettings = {
				ASSETCATALOG_COMPILER_APPICON_NAME = AppIcon;
				INFOPLIST_FILE = "Rotten Mangoes/Info.plist";
				LD_RUNPATH_SEARCH_PATHS = "$(inherited) @executable_path/Frameworks";
				PRODUCT_NAME = "$(TARGET_NAME)";
			};
			name = Release;
		};
		90BA70281A013E190003B304 /* Debug */ = {
			isa = XCBuildConfiguration;
			buildSettings = {
				BUNDLE_LOADER = "$(TEST_HOST)";
				FRAMEWORK_SEARCH_PATHS = (
					"$(SDKROOT)/Developer/Library/Frameworks",
					"$(inherited)",
				);
				GCC_PREPROCESSOR_DEFINITIONS = (
					"DEBUG=1",
					"$(inherited)",
				);
				INFOPLIST_FILE = "Rotten MangoesTests/Info.plist";
				LD_RUNPATH_SEARCH_PATHS = "$(inherited) @executable_path/Frameworks @loader_path/Frameworks";
				PRODUCT_NAME = "$(TARGET_NAME)";
				TEST_HOST = "$(BUILT_PRODUCTS_DIR)/Rotten Mangoes.app/Rotten Mangoes";
			};
			name = Debug;
		};
		90BA70291A013E190003B304 /* Release */ = {
			isa = XCBuildConfiguration;
			buildSettings = {
				BUNDLE_LOADER = "$(TEST_HOST)";
				FRAMEWORK_SEARCH_PATHS = (
					"$(SDKROOT)/Developer/Library/Frameworks",
					"$(inherited)",
				);
				INFOPLIST_FILE = "Rotten MangoesTests/Info.plist";
				LD_RUNPATH_SEARCH_PATHS = "$(inherited) @executable_path/Frameworks @loader_path/Frameworks";
				PRODUCT_NAME = "$(TARGET_NAME)";
				TEST_HOST = "$(BUILT_PRODUCTS_DIR)/Rotten Mangoes.app/Rotten Mangoes";
			};
			name = Release;
		};
/* End XCBuildConfiguration section */

/* Begin XCConfigurationList section */
		90BA6FFC1A013E190003B304 /* Build configuration list for PBXProject "Rotten Mangoes" */ = {
			isa = XCConfigurationList;
			buildConfigurations = (
				90BA70221A013E190003B304 /* Debug */,
				90BA70231A013E190003B304 /* Release */,
			);
			defaultConfigurationIsVisible = 0;
			defaultConfigurationName = Release;
		};
		90BA70241A013E190003B304 /* Build configuration list for PBXNativeTarget "Rotten Mangoes" */ = {
			isa = XCConfigurationList;
			buildConfigurations = (
				90BA70251A013E190003B304 /* Debug */,
				90BA70261A013E190003B304 /* Release */,
			);
			defaultConfigurationIsVisible = 0;
		};
		90BA70271A013E190003B304 /* Build configuration list for PBXNativeTarget "Rotten MangoesTests" */ = {
			isa = XCConfigurationList;
			buildConfigurations = (
				90BA70281A013E190003B304 /* Debug */,
				90BA70291A013E190003B304 /* Release */,
			);
			defaultConfigurationIsVisible = 0;
		};
/* End XCConfigurationList section */
	};
	rootObject = 90BA6FF91A013E190003B304 /* Project object */;
}
